
Microsoft Visual Studio Solution File, Format Version 12.00
# Visual Studio Version 17
VisualStudioVersion = 17.7.34031.279
MinimumVisualStudioVersion = 10.0.40219.1
Project("{FAE04EC0-301F-11D3-BF4B-00C04F79EFBC}") = "PawCraft", "PawCraft\PawCraft.csproj", "{76B10D6A-3860-4643-B1E8-F134EB6A45E5}"
EndProject
Project("{FAE04EC0-301F-11D3-BF4B-00C04F79EFBC}") = "PawCraft.Utils", "PawCraft.Utils\PawCraft.Utils.csproj", "{019CC03E-0C98-44F5-B993-C004FDFE1B91}"
EndProject
Project("{FAE04EC0-301F-11D3-BF4B-00C04F79EFBC}") = "Obj2Nya", "Obj2Nya\Obj2Nya.csproj", "{F37FD492-3049-493D-B1B4-57DE533FC0FF}"
EndProject
Project("{FAE04EC0-301F-11D3-BF4B-00C04F79EFBC}") = "Tex2Pak", "Tex2Pak\Tex2Pak.csproj", "{B8EEFFBE-8154-48FB-848B-A5D8BA69DB2A}"
EndProject
Global
	GlobalSection(SolutionConfigurationPlatforms) = preSolution
		Debug|Any CPU = Debug|Any CPU
		Release|Any CPU = Release|Any CPU
	EndGlobalSection
	GlobalSection(ProjectConfigurationPlatforms) = postSolution
		{76B10D6A-3860-4643-B1E8-F134EB6A45E5}.Debug|Any CPU.ActiveCfg = Debug|Any CPU
		{76B10D6A-3860-4643-B1E8-F134EB6A45E5}.Debug|Any CPU.Build.0 = Debug|Any CPU
		{76B10D6A-3860-4643-B1E8-F134EB6A45E5}.Release|Any CPU.ActiveCfg = Release|Any CPU
		{76B10D6A-3860-4643-B1E8-F134EB6A45E5}.Release|Any CPU.Build.0 = Release|Any CPU
		{019CC03E-0C98-44F5-B993-C004FDFE1B91}.Debug|Any CPU.ActiveCfg = Debug|Any CPU
		{019CC03E-0C98-44F5-B993-C004FDFE1B91}.Debug|Any CPU.Build.0 = Debug|Any CPU
		{019CC03E-0C98-44F5-B993-C004FDFE1B91}.Release|Any CPU.ActiveCfg = Release|Any CPU
		{019CC03E-0C98-44F5-B993-C004FDFE1B91}.Release|Any CPU.Build.0 = Release|Any CPU
		{F37FD492-3049-493D-B1B4-57DE533FC0FF}.Debug|Any CPU.ActiveCfg = Debug|Any CPU
		{F37FD492-3049-493D-B1B4-57DE533FC0FF}.Debug|Any CPU.Build.0 = Debug|Any CPU
		{F37FD492-3049-493D-B1B4-57DE533FC0FF}.Release|Any CPU.ActiveCfg = Release|Any CPU
		{F37FD492-3049-493D-B1B4-57DE533FC0FF}.Release|Any CPU.Build.0 = Release|Any CPU
		{B8EEFFBE-8154-48FB-848B-A5D8BA69DB2A}.Debug|Any CPU.ActiveCfg = Debug|Any CPU
		{B8EEFFBE-8154-48FB-848B-A5D8BA69DB2A}.Debug|Any CPU.Build.0 = Debug|Any CPU
		{B8EEFFBE-8154-48FB-848B-A5D8BA69DB2A}.Release|Any CPU.ActiveCfg = Release|Any CPU
		{B8EEFFBE-8154-48FB-848B-A5D8BA69DB2A}.Release|Any CPU.Build.0 = Release|Any CPU
	EndGlobalSection
	GlobalSection(SolutionProperties) = preSolution
		HideSolutionNode = FALSE
	EndGlobalSection
	GlobalSection(ExtensibilityGlobals) = postSolution
		SolutionGuid = {5B2F3246-B542-42B3-B9F7-735E993A53CB}
	EndGlobalSection
EndGlobal
